// !$*UTF8*$!
{
	archiveVersion = 1;
	classes = {
	};
	objectVersion = 46;
	objects = {

/* Begin PBXBuildFile section */
		C351E5A91E1A986C00B18B05 /* AppDelegate.swift in Sources */ = {isa = PBXBuildFile; fileRef = C351E5A81E1A986C00B18B05 /* AppDelegate.swift */; };
		C351E5AB1E1A986C00B18B05 /* ViewController.swift in Sources */ = {isa = PBXBuildFile; fileRef = C351E5AA1E1A986C00B18B05 /* ViewController.swift */; };
		C351E5AE1E1A986C00B18B05 /* Main.storyboard in Resources */ = {isa = PBXBuildFile; fileRef = C351E5AC1E1A986C00B18B05 /* Main.storyboard */; };
		C351E5B01E1A986C00B18B05 /* Assets.xcassets in Resources */ = {isa = PBXBuildFile; fileRef = C351E5AF1E1A986C00B18B05 /* Assets.xcassets */; };
		C351E5B31E1A986C00B18B05 /* LaunchScreen.storyboard in Resources */ = {isa = PBXBuildFile; fileRef = C351E5B11E1A986C00B18B05 /* LaunchScreen.storyboard */; };
		C351E5BE1E1A986C00B18B05 /* TaccoPopTests.swift in Sources */ = {isa = PBXBuildFile; fileRef = C351E5BD1E1A986C00B18B05 /* TaccoPopTests.swift */; };
		C351E5C91E1A986C00B18B05 /* TaccoPopUITests.swift in Sources */ = {isa = PBXBuildFile; fileRef = C351E5C81E1A986C00B18B05 /* TaccoPopUITests.swift */; };
		C351E5DD1E1AA1E100B18B05 /* DropShadow.swift in Sources */ = {isa = PBXBuildFile; fileRef = C351E5DC1E1AA1E100B18B05 /* DropShadow.swift */; };
		C351E5DF1E1AA3C000B18B05 /* HeaderView.swift in Sources */ = {isa = PBXBuildFile; fileRef = C351E5DE1E1AA3C000B18B05 /* HeaderView.swift */; };
		C351E5E11E1AA77C00B18B05 /* Taco.swift in Sources */ = {isa = PBXBuildFile; fileRef = C351E5E01E1AA77C00B18B05 /* Taco.swift */; };
		C351E5E31E1AB13000B18B05 /* DataService.swift in Sources */ = {isa = PBXBuildFile; fileRef = C351E5E21E1AB13000B18B05 /* DataService.swift */; };
		C351E5E61E1AB46600B18B05 /* TacoCell.swift in Sources */ = {isa = PBXBuildFile; fileRef = C351E5E41E1AB46600B18B05 /* TacoCell.swift */; };
		C351E5E71E1AB46600B18B05 /* TacoCell.xib in Resources */ = {isa = PBXBuildFile; fileRef = C351E5E51E1AB46600B18B05 /* TacoCell.xib */; };
		C351E5E91E1AC49400B18B05 /* ReusableView.swift in Sources */ = {isa = PBXBuildFile; fileRef = C351E5E81E1AC49400B18B05 /* ReusableView.swift */; };
		C351E5EB1E1AC67900B18B05 /* NibLoadableView.swift in Sources */ = {isa = PBXBuildFile; fileRef = C351E5EA1E1AC67900B18B05 /* NibLoadableView.swift */; };
		C351E5ED1E1AC7B000B18B05 /* UICollectionView+Ext.swift in Sources */ = {isa = PBXBuildFile; fileRef = C351E5EC1E1AC7B000B18B05 /* UICollectionView+Ext.swift */; };
		C352844D1E1AEE5500E3597F /* MutableCollection+ext.swift in Sources */ = {isa = PBXBuildFile; fileRef = C352844C1E1AEE5500E3597F /* MutableCollection+ext.swift */; };
		C352844F1E1AF09000E3597F /* Shakeable.swift in Sources */ = {isa = PBXBuildFile; fileRef = C352844E1E1AF09000E3597F /* Shakeable.swift */; };
/* End PBXBuildFile section */

/* Begin PBXContainerItemProxy section */
		C351E5BA1E1A986C00B18B05 /* PBXContainerItemProxy */ = {
			isa = PBXContainerItemProxy;
			containerPortal = C351E59D1E1A986B00B18B05 /* Project object */;
			proxyType = 1;
			remoteGlobalIDString = C351E5A41E1A986B00B18B05;
			remoteInfo = TaccoPop;
		};
		C351E5C51E1A986C00B18B05 /* PBXContainerItemProxy */ = {
			isa = PBXContainerItemProxy;
			containerPortal = C351E59D1E1A986B00B18B05 /* Project object */;
			proxyType = 1;
			remoteGlobalIDString = C351E5A41E1A986B00B18B05;
			remoteInfo = TaccoPop;
		};
/* End PBXContainerItemProxy section */

/* Begin PBXFileReference section */
		C351E5A51E1A986C00B18B05 /* TaccoPop.app */ = {isa = PBXFileReference; explicitFileType = wrapper.application; includeInIndex = 0; path = TaccoPop.app; sourceTree = BUILT_PRODUCTS_DIR; };
		C351E5A81E1A986C00B18B05 /* AppDelegate.swift */ = {isa = PBXFileReference; lastKnownFileType = sourcecode.swift; path = AppDelegate.swift; sourceTree = "<group>"; };
		C351E5AA1E1A986C00B18B05 /* ViewController.swift */ = {isa = PBXFileReference; lastKnownFileType = sourcecode.swift; path = ViewController.swift; sourceTree = "<group>"; };
		C351E5AD1E1A986C00B18B05 /* Base */ = {isa = PBXFileReference; lastKnownFileType = file.storyboard; name = Base; path = Base.lproj/Main.storyboard; sourceTree = "<group>"; };
		C351E5AF1E1A986C00B18B05 /* Assets.xcassets */ = {isa = PBXFileReference; lastKnownFileType = folder.assetcatalog; path = Assets.xcassets; sourceTree = "<group>"; };
		C351E5B21E1A986C00B18B05 /* Base */ = {isa = PBXFileReference; lastKnownFileType = file.storyboard; name = Base; path = Base.lproj/LaunchScreen.storyboard; sourceTree = "<group>"; };
		C351E5B41E1A986C00B18B05 /* Info.plist */ = {isa = PBXFileReference; lastKnownFileType = text.plist.xml; path = Info.plist; sourceTree = "<group>"; };
		C351E5B91E1A986C00B18B05 /* TaccoPopTests.xctest */ = {isa = PBXFileReference; explicitFileType = wrapper.cfbundle; includeInIndex = 0; path = TaccoPopTests.xctest; sourceTree = BUILT_PRODUCTS_DIR; };
		C351E5BD1E1A986C00B18B05 /* TaccoPopTests.swift */ = {isa = PBXFileReference; lastKnownFileType = sourcecode.swift; path = TaccoPopTests.swift; sourceTree = "<group>"; };
		C351E5BF1E1A986C00B18B05 /* Info.plist */ = {isa = PBXFileReference; lastKnownFileType = text.plist.xml; path = Info.plist; sourceTree = "<group>"; };
		C351E5C41E1A986C00B18B05 /* TaccoPopUITests.xctest */ = {isa = PBXFileReference; explicitFileType = wrapper.cfbundle; includeInIndex = 0; path = TaccoPopUITests.xctest; sourceTree = BUILT_PRODUCTS_DIR; };
		C351E5C81E1A986C00B18B05 /* TaccoPopUITests.swift */ = {isa = PBXFileReference; lastKnownFileType = sourcecode.swift; path = TaccoPopUITests.swift; sourceTree = "<group>"; };
		C351E5CA1E1A986C00B18B05 /* Info.plist */ = {isa = PBXFileReference; lastKnownFileType = text.plist.xml; path = Info.plist; sourceTree = "<group>"; };
		C351E5DC1E1AA1E100B18B05 /* DropShadow.swift */ = {isa = PBXFileReference; fileEncoding = 4; lastKnownFileType = sourcecode.swift; path = DropShadow.swift; sourceTree = "<group>"; };
		C351E5DE1E1AA3C000B18B05 /* HeaderView.swift */ = {isa = PBXFileReference; fileEncoding = 4; lastKnownFileType = sourcecode.swift; path = HeaderView.swift; sourceTree = "<group>"; };
		C351E5E01E1AA77C00B18B05 /* Taco.swift */ = {isa = PBXFileReference; fileEncoding = 4; lastKnownFileType = sourcecode.swift; path = Taco.swift; sourceTree = "<group>"; };
		C351E5E21E1AB13000B18B05 /* DataService.swift */ = {isa = PBXFileReference; fileEncoding = 4; lastKnownFileType = sourcecode.swift; path = DataService.swift; sourceTree = "<group>"; };
		C351E5E41E1AB46600B18B05 /* TacoCell.swift */ = {isa = PBXFileReference; fileEncoding = 4; lastKnownFileType = sourcecode.swift; path = TacoCell.swift; sourceTree = "<group>"; };
		C351E5E51E1AB46600B18B05 /* TacoCell.xib */ = {isa = PBXFileReference; fileEncoding = 4; lastKnownFileType = file.xib; path = TacoCell.xib; sourceTree = "<group>"; };
		C351E5E81E1AC49400B18B05 /* ReusableView.swift */ = {isa = PBXFileReference; fileEncoding = 4; lastKnownFileType = sourcecode.swift; path = ReusableView.swift; sourceTree = "<group>"; };
		C351E5EA1E1AC67900B18B05 /* NibLoadableView.swift */ = {isa = PBXFileReference; fileEncoding = 4; lastKnownFileType = sourcecode.swift; path = NibLoadableView.swift; sourceTree = "<group>"; };
		C351E5EC1E1AC7B000B18B05 /* UICollectionView+Ext.swift */ = {isa = PBXFileReference; fileEncoding = 4; lastKnownFileType = sourcecode.swift; path = "UICollectionView+Ext.swift"; sourceTree = "<group>"; };
		C352844C1E1AEE5500E3597F /* MutableCollection+ext.swift */ = {isa = PBXFileReference; fileEncoding = 4; lastKnownFileType = sourcecode.swift; path = "MutableCollection+ext.swift"; sourceTree = "<group>"; };
		C352844E1E1AF09000E3597F /* Shakeable.swift */ = {isa = PBXFileReference; fileEncoding = 4; lastKnownFileType = sourcecode.swift; path = Shakeable.swift; sourceTree = "<group>"; };
/* End PBXFileReference section */

/* Begin PBXFrameworksBuildPhase section */
		C351E5A21E1A986B00B18B05 /* Frameworks */ = {
			isa = PBXFrameworksBuildPhase;
			buildActionMask = 2147483647;
			files = (
			);
			runOnlyForDeploymentPostprocessing = 0;
		};
		C351E5B61E1A986C00B18B05 /* Frameworks */ = {
			isa = PBXFrameworksBuildPhase;
			buildActionMask = 2147483647;
			files = (
			);
			runOnlyForDeploymentPostprocessing = 0;
		};
		C351E5C11E1A986C00B18B05 /* Frameworks */ = {
			isa = PBXFrameworksBuildPhase;
			buildActionMask = 2147483647;
			files = (
			);
			runOnlyForDeploymentPostprocessing = 0;
		};
/* End PBXFrameworksBuildPhase section */

/* Begin PBXGroup section */
		C351E59C1E1A986B00B18B05 = {
			isa = PBXGroup;
			children = (
				C351E5A71E1A986C00B18B05 /* TaccoPop */,
				C351E5BC1E1A986C00B18B05 /* TaccoPopTests */,
				C351E5C71E1A986C00B18B05 /* TaccoPopUITests */,
				C351E5A61E1A986C00B18B05 /* Products */,
			);
			sourceTree = "<group>";
		};
		C351E5A61E1A986C00B18B05 /* Products */ = {
			isa = PBXGroup;
			children = (
				C351E5A51E1A986C00B18B05 /* TaccoPop.app */,
				C351E5B91E1A986C00B18B05 /* TaccoPopTests.xctest */,
				C351E5C41E1A986C00B18B05 /* TaccoPopUITests.xctest */,
			);
			name = Products;
			sourceTree = "<group>";
		};
		C351E5A71E1A986C00B18B05 /* TaccoPop */ = {
			isa = PBXGroup;
			children = (
				C351E5DB1E1A98CE00B18B05 /* Extensions */,
				C351E5DA1E1A98AB00B18B05 /* Protocols */,
				C351E5D81E1A989700B18B05 /* Model */,
				C351E5D71E1A989000B18B05 /* View */,
				C351E5D61E1A988800B18B05 /* Controller */,
				C351E5D91E1A98A100B18B05 /* Resources */,
			);
			path = TaccoPop;
			sourceTree = "<group>";
		};
		C351E5BC1E1A986C00B18B05 /* TaccoPopTests */ = {
			isa = PBXGroup;
			children = (
				C351E5BD1E1A986C00B18B05 /* TaccoPopTests.swift */,
				C351E5BF1E1A986C00B18B05 /* Info.plist */,
			);
			path = TaccoPopTests;
			sourceTree = "<group>";
		};
		C351E5C71E1A986C00B18B05 /* TaccoPopUITests */ = {
			isa = PBXGroup;
			children = (
				C351E5C81E1A986C00B18B05 /* TaccoPopUITests.swift */,
				C351E5CA1E1A986C00B18B05 /* Info.plist */,
			);
			path = TaccoPopUITests;
			sourceTree = "<group>";
		};
		C351E5D61E1A988800B18B05 /* Controller */ = {
			isa = PBXGroup;
			children = (
				C351E5A81E1A986C00B18B05 /* AppDelegate.swift */,
				C351E5AA1E1A986C00B18B05 /* ViewController.swift */,
			);
			name = Controller;
			sourceTree = "<group>";
		};
		C351E5D71E1A989000B18B05 /* View */ = {
			isa = PBXGroup;
			children = (
				C351E5AC1E1A986C00B18B05 /* Main.storyboard */,
				C351E5B11E1A986C00B18B05 /* LaunchScreen.storyboard */,
				C351E5DE1E1AA3C000B18B05 /* HeaderView.swift */,
				C351E5E41E1AB46600B18B05 /* TacoCell.swift */,
				C351E5E51E1AB46600B18B05 /* TacoCell.xib */,
			);
			name = View;
			sourceTree = "<group>";
		};
		C351E5D81E1A989700B18B05 /* Model */ = {
			isa = PBXGroup;
			children = (
				C351E5E01E1AA77C00B18B05 /* Taco.swift */,
				C351E5E21E1AB13000B18B05 /* DataService.swift */,
			);
			name = Model;
			sourceTree = "<group>";
		};
		C351E5D91E1A98A100B18B05 /* Resources */ = {
			isa = PBXGroup;
			children = (
				C351E5AF1E1A986C00B18B05 /* Assets.xcassets */,
				C351E5B41E1A986C00B18B05 /* Info.plist */,
			);
			name = Resources;
			sourceTree = "<group>";
		};
		C351E5DA1E1A98AB00B18B05 /* Protocols */ = {
			isa = PBXGroup;
			children = (
				C351E5E81E1AC49400B18B05 /* ReusableView.swift */,
				C351E5DC1E1AA1E100B18B05 /* DropShadow.swift */,
				C351E5EA1E1AC67900B18B05 /* NibLoadableView.swift */,
				C352844E1E1AF09000E3597F /* Shakeable.swift */,
			);
			name = Protocols;
			sourceTree = "<group>";
		};
		C351E5DB1E1A98CE00B18B05 /* Extensions */ = {
			isa = PBXGroup;
			children = (
				C351E5EC1E1AC7B000B18B05 /* UICollectionView+Ext.swift */,
				C352844C1E1AEE5500E3597F /* MutableCollection+ext.swift */,
			);
			name = Extensions;
			sourceTree = "<group>";
		};
/* End PBXGroup section */

/* Begin PBXNativeTarget section */
		C351E5A41E1A986B00B18B05 /* TaccoPop */ = {
			isa = PBXNativeTarget;
			buildConfigurationList = C351E5CD1E1A986C00B18B05 /* Build configuration list for PBXNativeTarget "TaccoPop" */;
			buildPhases = (
				C351E5A11E1A986B00B18B05 /* Sources */,
				C351E5A21E1A986B00B18B05 /* Frameworks */,
				C351E5A31E1A986B00B18B05 /* Resources */,
			);
			buildRules = (
			);
			dependencies = (
			);
			name = TaccoPop;
			productName = TaccoPop;
			productReference = C351E5A51E1A986C00B18B05 /* TaccoPop.app */;
			productType = "com.apple.product-type.application";
		};
		C351E5B81E1A986C00B18B05 /* TaccoPopTests */ = {
			isa = PBXNativeTarget;
			buildConfigurationList = C351E5D01E1A986C00B18B05 /* Build configuration list for PBXNativeTarget "TaccoPopTests" */;
			buildPhases = (
				C351E5B51E1A986C00B18B05 /* Sources */,
				C351E5B61E1A986C00B18B05 /* Frameworks */,
				C351E5B71E1A986C00B18B05 /* Resources */,
			);
			buildRules = (
			);
			dependencies = (
				C351E5BB1E1A986C00B18B05 /* PBXTargetDependency */,
			);
			name = TaccoPopTests;
			productName = TaccoPopTests;
			productReference = C351E5B91E1A986C00B18B05 /* TaccoPopTests.xctest */;
			productType = "com.apple.product-type.bundle.unit-test";
		};
		C351E5C31E1A986C00B18B05 /* TaccoPopUITests */ = {
			isa = PBXNativeTarget;
			buildConfigurationList = C351E5D31E1A986C00B18B05 /* Build configuration list for PBXNativeTarget "TaccoPopUITests" */;
			buildPhases = (
				C351E5C01E1A986C00B18B05 /* Sources */,
				C351E5C11E1A986C00B18B05 /* Frameworks */,
				C351E5C21E1A986C00B18B05 /* Resources */,
			);
			buildRules = (
			);
			dependencies = (
				C351E5C61E1A986C00B18B05 /* PBXTargetDependency */,
			);
			name = TaccoPopUITests;
			productName = TaccoPopUITests;
			productReference = C351E5C41E1A986C00B18B05 /* TaccoPopUITests.xctest */;
			productType = "com.apple.product-type.bundle.ui-testing";
		};
/* End PBXNativeTarget section */

/* Begin PBXProject section */
		C351E59D1E1A986B00B18B05 /* Project object */ = {
			isa = PBXProject;
			attributes = {
				LastSwiftUpdateCheck = 0820;
				LastUpgradeCheck = 0820;
				ORGANIZATIONNAME = "Tony Merritt";
				TargetAttributes = {
					C351E5A41E1A986B00B18B05 = {
						CreatedOnToolsVersion = 8.2.1;
						DevelopmentTeam = 2K73A5C2UZ;
						ProvisioningStyle = Automatic;
					};
					C351E5B81E1A986C00B18B05 = {
						CreatedOnToolsVersion = 8.2.1;
						DevelopmentTeam = 2K73A5C2UZ;
						ProvisioningStyle = Automatic;
						TestTargetID = C351E5A41E1A986B00B18B05;
					};
					C351E5C31E1A986C00B18B05 = {
						CreatedOnToolsVersion = 8.2.1;
						DevelopmentTeam = 2K73A5C2UZ;
						ProvisioningStyle = Automatic;
						TestTargetID = C351E5A41E1A986B00B18B05;
					};
				};
			};
			buildConfigurationList = C351E5A01E1A986B00B18B05 /* Build configuration list for PBXProject "TaccoPop" */;
			compatibilityVersion = "Xcode 3.2";
			developmentRegion = English;
			hasScannedForEncodings = 0;
			knownRegions = (
				en,
				Base,
			);
			mainGroup = C351E59C1E1A986B00B18B05;
			productRefGroup = C351E5A61E1A986C00B18B05 /* Products */;
			projectDirPath = "";
			projectRoot = "";
			targets = (
				C351E5A41E1A986B00B18B05 /* TaccoPop */,
				C351E5B81E1A986C00B18B05 /* TaccoPopTests */,
				C351E5C31E1A986C00B18B05 /* TaccoPopUITests */,
			);
		};
/* End PBXProject section */

/* Begin PBXResourcesBuildPhase section */
		C351E5A31E1A986B00B18B05 /* Resources */ = {
			isa = PBXResourcesBuildPhase;
			buildActionMask = 2147483647;
			files = (
				C351E5E71E1AB46600B18B05 /* TacoCell.xib in Resources */,
				C351E5B31E1A986C00B18B05 /* LaunchScreen.storyboard in Resources */,
				C351E5B01E1A986C00B18B05 /* Assets.xcassets in Resources */,
				C351E5AE1E1A986C00B18B05 /* Main.storyboard in Resources */,
			);
			runOnlyForDeploymentPostprocessing = 0;
		};
		C351E5B71E1A986C00B18B05 /* Resources */ = {
			isa = PBXResourcesBuildPhase;
			buildActionMask = 2147483647;
			files = (
			);
			runOnlyForDeploymentPostprocessing = 0;
		};
		C351E5C21E1A986C00B18B05 /* Resources */ = {
			isa = PBXResourcesBuildPhase;
			buildActionMask = 2147483647;
			files = (
			);
			runOnlyForDeploymentPostprocessing = 0;
		};
/* End PBXResourcesBuildPhase section */

/* Begin PBXSourcesBuildPhase section */
		C351E5A11E1A986B00B18B05 /* Sources */ = {
			isa = PBXSourcesBuildPhase;
			buildActionMask = 2147483647;
			files = (
				C351E5E61E1AB46600B18B05 /* TacoCell.swift in Sources */,
				C351E5AB1E1A986C00B18B05 /* ViewController.swift in Sources */,
				C351E5DD1E1AA1E100B18B05 /* DropShadow.swift in Sources */,
				C351E5EB1E1AC67900B18B05 /* NibLoadableView.swift in Sources */,
				C351E5ED1E1AC7B000B18B05 /* UICollectionView+Ext.swift in Sources */,
				C351E5E91E1AC49400B18B05 /* ReusableView.swift in Sources */,
				C351E5A91E1A986C00B18B05 /* AppDelegate.swift in Sources */,
				C351E5E31E1AB13000B18B05 /* DataService.swift in Sources */,
				C351E5DF1E1AA3C000B18B05 /* HeaderView.swift in Sources */,
				C351E5E11E1AA77C00B18B05 /* Taco.swift in Sources */,
				C352844F1E1AF09000E3597F /* Shakeable.swift in Sources */,
				C352844D1E1AEE5500E3597F /* MutableCollection+ext.swift in Sources */,
			);
			runOnlyForDeploymentPostprocessing = 0;
		};
		C351E5B51E1A986C00B18B05 /* Sources */ = {
			isa = PBXSourcesBuildPhase;
			buildActionMask = 2147483647;
			files = (
				C351E5BE1E1A986C00B18B05 /* TaccoPopTests.swift in Sources */,
			);
			runOnlyForDeploymentPostprocessing = 0;
		};
		C351E5C01E1A986C00B18B05 /* Sources */ = {
			isa = PBXSourcesBuildPhase;
			buildActionMask = 2147483647;
			files = (
				C351E5C91E1A986C00B18B05 /* TaccoPopUITests.swift in Sources */,
			);
			runOnlyForDeploymentPostprocessing = 0;
		};
/* End PBXSourcesBuildPhase section */

/* Begin PBXTargetDependency section */
		C351E5BB1E1A986C00B18B05 /* PBXTargetDependency */ = {
			isa = PBXTargetDependency;
			target = C351E5A41E1A986B00B18B05 /* TaccoPop */;
			targetProxy = C351E5BA1E1A986C00B18B05 /* PBXContainerItemProxy */;
		};
		C351E5C61E1A986C00B18B05 /* PBXTargetDependency */ = {
			isa = PBXTargetDependency;
			target = C351E5A41E1A986B00B18B05 /* TaccoPop */;
			targetProxy = C351E5C51E1A986C00B18B05 /* PBXContainerItemProxy */;
		};
/* End PBXTargetDependency section */

/* Begin PBXVariantGroup section */
		C351E5AC1E1A986C00B18B05 /* Main.storyboard */ = {
			isa = PBXVariantGroup;
			children = (
				C351E5AD1E1A986C00B18B05 /* Base */,
			);
			name = Main.storyboard;
			sourceTree = "<group>";
		};
		C351E5B11E1A986C00B18B05 /* LaunchScreen.storyboard */ = {
			isa = PBXVariantGroup;
			children = (
				C351E5B21E1A986C00B18B05 /* Base */,
			);
			name = LaunchScreen.storyboard;
			sourceTree = "<group>";
		};
/* End PBXVariantGroup section */

/* Begin XCBuildConfiguration section */
		C351E5CB1E1A986C00B18B05 /* Debug */ = {
			isa = XCBuildConfiguration;
			buildSettings = {
				ALWAYS_SEARCH_USER_PATHS = NO;
				CLANG_ANALYZER_NONNULL = YES;
				CLANG_CXX_LANGUAGE_STANDARD = "gnu++0x";
				CLANG_CXX_LIBRARY = "libc++";
				CLANG_ENABLE_MODULES = YES;
				CLANG_ENABLE_OBJC_ARC = YES;
				CLANG_WARN_BOOL_CONVERSION = YES;
				CLANG_WARN_CONSTANT_CONVERSION = YES;
				CLANG_WARN_DIRECT_OBJC_ISA_USAGE = YES_ERROR;
				CLANG_WARN_DOCUMENTATION_COMMENTS = YES;
				CLANG_WARN_EMPTY_BODY = YES;
				CLANG_WARN_ENUM_CONVERSION = YES;
				CLANG_WARN_INFINITE_RECURSION = YES;
				CLANG_WARN_INT_CONVERSION = YES;
				CLANG_WARN_OBJC_ROOT_CLASS = YES_ERROR;
				CLANG_WARN_SUSPICIOUS_MOVE = YES;
				CLANG_WARN_UNREACHABLE_CODE = YES;
				CLANG_WARN__DUPLICATE_METHOD_MATCH = YES;
				"CODE_SIGN_IDENTITY[sdk=iphoneos*]" = "iPhone Developer";
				COPY_PHASE_STRIP = NO;
				DEBUG_INFORMATION_FORMAT = dwarf;
				ENABLE_STRICT_OBJC_MSGSEND = YES;
				ENABLE_TESTABILITY = YES;
				GCC_C_LANGUAGE_STANDARD = gnu99;
				GCC_DYNAMIC_NO_PIC = NO;
				GCC_NO_COMMON_BLOCKS = YES;
				GCC_OPTIMIZATION_LEVEL = 0;
				GCC_PREPROCESSOR_DEFINITIONS = (
					"DEBUG=1",
					"$(inherited)",
				);
				GCC_WARN_64_TO_32_BIT_CONVERSION = YES;
				GCC_WARN_ABOUT_RETURN_TYPE = YES_ERROR;
				GCC_WARN_UNDECLARED_SELECTOR = YES;
				GCC_WARN_UNINITIALIZED_AUTOS = YES_AGGRESSIVE;
				GCC_WARN_UNUSED_FUNCTION = YES;
				GCC_WARN_UNUSED_VARIABLE = YES;
				IPHONEOS_DEPLOYMENT_TARGET = 10.2;
				MTL_ENABLE_DEBUG_INFO = YES;
				ONLY_ACTIVE_ARCH = YES;
				SDKROOT = iphoneos;
				SWIFT_ACTIVE_COMPILATION_CONDITIONS = DEBUG;
				SWIFT_OPTIMIZATION_LEVEL = "-Onone";
				TARGETED_DEVICE_FAMILY = "1,2";
			};
			name = Debug;
		};
		C351E5CC1E1A986C00B18B05 /* Release */ = {
			isa = XCBuildConfiguration;
			buildSettings = {
				ALWAYS_SEARCH_USER_PATHS = NO;
				CLANG_ANALYZER_NONNULL = YES;
				CLANG_CXX_LANGUAGE_STANDARD = "gnu++0x";
				CLANG_CXX_LIBRARY = "libc++";
				CLANG_ENABLE_MODULES = YES;
				CLANG_ENABLE_OBJC_ARC = YES;
				CLANG_WARN_BOOL_CONVERSION = YES;
				CLANG_WARN_CONSTANT_CONVERSION = YES;
				CLANG_WARN_DIRECT_OBJC_ISA_USAGE = YES_ERROR;
				CLANG_WARN_DOCUMENTATION_COMMENTS = YES;
				CLANG_WARN_EMPTY_BODY = YES;
				CLANG_WARN_ENUM_CONVERSION = YES;
				CLANG_WARN_INFINITE_RECURSION = YES;
				CLANG_WARN_INT_CONVERSION = YES;
				CLANG_WARN_OBJC_ROOT_CLASS = YES_ERROR;
				CLANG_WARN_SUSPICIOUS_MOVE = YES;
				CLANG_WARN_UNREACHABLE_CODE = YES;
				CLANG_WARN__DUPLICATE_METHOD_MATCH = YES;
				"CODE_SIGN_IDENTITY[sdk=iphoneos*]" = "iPhone Developer";
				COPY_PHASE_STRIP = NO;
				DEBUG_INFORMATION_FORMAT = "dwarf-with-dsym";
				ENABLE_NS_ASSERTIONS = NO;
				ENABLE_STRICT_OBJC_MSGSEND = YES;
				GCC_C_LANGUAGE_STANDARD = gnu99;
				GCC_NO_COMMON_BLOCKS = YES;
				GCC_WARN_64_TO_32_BIT_CONVERSION = YES;
				GCC_WARN_ABOUT_RETURN_TYPE = YES_ERROR;
				GCC_WARN_UNDECLARED_SELECTOR = YES;
				GCC_WARN_UNINITIALIZED_AUTOS = YES_AGGRESSIVE;
				GCC_WARN_UNUSED_FUNCTION = YES;
				GCC_WARN_UNUSED_VARIABLE = YES;
				IPHONEOS_DEPLOYMENT_TARGET = 10.2;
				MTL_ENABLE_DEBUG_INFO = NO;
				SDKROOT = iphoneos;
				SWIFT_OPTIMIZATION_LEVEL = "-Owholemodule";
				TARGETED_DEVICE_FAMILY = "1,2";
				VALIDATE_PRODUCT = YES;
			};
			name = Release;
		};
		C351E5CE1E1A986C00B18B05 /* Debug */ = {
			isa = XCBuildConfiguration;
			buildSettings = {
				ASSETCATALOG_COMPILER_APPICON_NAME = AppIcon;
				DEVELOPMENT_TEAM = 2K73A5C2UZ;
				INFOPLIST_FILE = TaccoPop/Info.plist;
				LD_RUNPATH_SEARCH_PATHS = "$(inherited) @executable_path/Frameworks";
				PRODUCT_BUNDLE_IDENTIFIER = com.TonyMerritt.TaccoPop;
				PRODUCT_NAME = "$(TARGET_NAME)";
				SWIFT_VERSION = 3.0;
			};
			name = Debug;
		};
		C351E5CF1E1A986C00B18B05 /* Release */ = {
			isa = XCBuildConfiguration;
			buildSettings = {
				ASSETCATALOG_COMPILER_APPICON_NAME = AppIcon;
				DEVELOPMENT_TEAM = 2K73A5C2UZ;
				INFOPLIST_FILE = TaccoPop/Info.plist;
				LD_RUNPATH_SEARCH_PATHS = "$(inherited) @executable_path/Frameworks";
				PRODUCT_BUNDLE_IDENTIFIER = com.TonyMerritt.TaccoPop;
				PRODUCT_NAME = "$(TARGET_NAME)";
				SWIFT_VERSION = 3.0;
			};
			name = Release;
		};
		C351E5D11E1A986C00B18B05 /* Debug */ = {
			isa = XCBuildConfiguration;
			buildSettings = {
				ALWAYS_EMBED_SWIFT_STANDARD_LIBRARIES = YES;
				BUNDLE_LOADER = "$(TEST_HOST)";
				DEVELOPMENT_TEAM = 2K73A5C2UZ;
				INFOPLIST_FILE = TaccoPopTests/Info.plist;
				LD_RUNPATH_SEARCH_PATHS = "$(inherited) @executable_path/Frameworks @loader_path/Frameworks";
				PRODUCT_BUNDLE_IDENTIFIER = com.TonyMerritt.TaccoPopTests;
				PRODUCT_NAME = "$(TARGET_NAME)";
				SWIFT_VERSION = 3.0;
				TEST_HOST = "$(BUILT_PRODUCTS_DIR)/TaccoPop.app/TaccoPop";
			};
			name = Debug;
		};
		C351E5D21E1A986C00B18B05 /* Release */ = {
			isa = XCBuildConfiguration;
			buildSettings = {
				ALWAYS_EMBED_SWIFT_STANDARD_LIBRARIES = YES;
				BUNDLE_LOADER = "$(TEST_HOST)";
				DEVELOPMENT_TEAM = 2K73A5C2UZ;
				INFOPLIST_FILE = TaccoPopTests/Info.plist;
				LD_RUNPATH_SEARCH_PATHS = "$(inherited) @executable_path/Frameworks @loader_path/Frameworks";
				PRODUCT_BUNDLE_IDENTIFIER = com.TonyMerritt.TaccoPopTests;
				PRODUCT_NAME = "$(TARGET_NAME)";
				SWIFT_VERSION = 3.0;
				TEST_HOST = "$(BUILT_PRODUCTS_DIR)/TaccoPop.app/TaccoPop";
			};
			name = Release;
		};
		C351E5D41E1A986C00B18B05 /* Debug */ = {
			isa = XCBuildConfiguration;
			buildSettings = {
				ALWAYS_EMBED_SWIFT_STANDARD_LIBRARIES = YES;
				DEVELOPMENT_TEAM = 2K73A5C2UZ;
				INFOPLIST_FILE = TaccoPopUITests/Info.plist;
				LD_RUNPATH_SEARCH_PATHS = "$(inherited) @executable_path/Frameworks @loader_path/Frameworks";
				PRODUCT_BUNDLE_IDENTIFIER = com.TonyMerritt.TaccoPopUITests;
				PRODUCT_NAME = "$(TARGET_NAME)";
				SWIFT_VERSION = 3.0;
				TEST_TARGET_NAME = TaccoPop;
			};
			name = Debug;
		};
		C351E5D51E1A986C00B18B05 /* Release */ = {
			isa = XCBuildConfiguration;
			buildSettings = {
				ALWAYS_EMBED_SWIFT_STANDARD_LIBRARIES = YES;
				DEVELOPMENT_TEAM = 2K73A5C2UZ;
				INFOPLIST_FILE = TaccoPopUITests/Info.plist;
				LD_RUNPATH_SEARCH_PATHS = "$(inherited) @executable_path/Frameworks @loader_path/Frameworks";
				PRODUCT_BUNDLE_IDENTIFIER = com.TonyMerritt.TaccoPopUITests;
				PRODUCT_NAME = "$(TARGET_NAME)";
				SWIFT_VERSION = 3.0;
				TEST_TARGET_NAME = TaccoPop;
			};
			name = Release;
		};
/* End XCBuildConfiguration section */

/* Begin XCConfigurationList section */
		C351E5A01E1A986B00B18B05 /* Build configuration list for PBXProject "TaccoPop" */ = {
			isa = XCConfigurationList;
			buildConfigurations = (
				C351E5CB1E1A986C00B18B05 /* Debug */,
				C351E5CC1E1A986C00B18B05 /* Release */,
			);
			defaultConfigurationIsVisible = 0;
			defaultConfigurationName = Release;
		};
		C351E5CD1E1A986C00B18B05 /* Build configuration list for PBXNativeTarget "TaccoPop" */ = {
			isa = XCConfigurationList;
			buildConfigurations = (
				C351E5CE1E1A986C00B18B05 /* Debug */,
				C351E5CF1E1A986C00B18B05 /* Release */,
			);
			defaultConfigurationIsVisible = 0;
			defaultConfigurationName = Release;
		};
		C351E5D01E1A986C00B18B05 /* Build configuration list for PBXNativeTarget "TaccoPopTests" */ = {
			isa = XCConfigurationList;
			buildConfigurations = (
				C351E5D11E1A986C00B18B05 /* Debug */,
				C351E5D21E1A986C00B18B05 /* Release */,
			);
			defaultConfigurationIsVisible = 0;
			defaultConfigurationName = Release;
		};
		C351E5D31E1A986C00B18B05 /* Build configuration list for PBXNativeTarget "TaccoPopUITests" */ = {
			isa = XCConfigurationList;
			buildConfigurations = (
				C351E5D41E1A986C00B18B05 /* Debug */,
				C351E5D51E1A986C00B18B05 /* Release */,
			);
			defaultConfigurationIsVisible = 0;
			defaultConfigurationName = Release;
		};
/* End XCConfigurationList section */
	};
	rootObject = C351E59D1E1A986B00B18B05 /* Project object */;
}
